{
  "version": 4,
  "terraform_version": "1.0.10",
  "serial": 3,
  "lineage": "71d2d3c9-90bc-303e-720e-a111e3f7cf4f",
  "outputs": {},
  "resources": [
    {
      "mode": "data",
      "type": "azurerm_resource_group",
      "name": "main",
      "provider": "provider[\"registry.terraform.io/hashicorp/azurerm\"]",
      "instances": [
        {
          "schema_version": 0,
          "attributes": {
            "id": "/subscriptions/d33b95c7-af3c-4247-9661-aa96d47fccc0/resourceGroups/OpenCohort1_KhalidAshraf_Workshop_M12_Pt2",
            "location": "uksouth",
            "name": "OpenCohort1_KhalidAshraf_Workshop_M12_Pt2",
            "tags": {},
            "timeouts": null
          },
          "sensitive_attributes": []
        }
      ]
    },
    {
      "mode": "managed",
      "type": "azurerm_app_service",
      "name": "main",
      "provider": "provider[\"registry.terraform.io/hashicorp/azurerm\"]",
      "instances": [
        {
          "schema_version": 0,
          "attributes": {
            "app_service_plan_id": "/subscriptions/d33b95c7-af3c-4247-9661-aa96d47fccc0/resourceGroups/OpenCohort1_KhalidAshraf_Workshop_M12_Pt2/providers/Microsoft.Web/serverfarms/khalid-terraformed-asp",
            "app_settings": {
              "CONNECTION_STRING": "Server=tcp:khalidashraf-non-iac-sqlserver.database.windows.net,1433;Initial Catalog=khalidashraf-non-iac-db;Persist Security Info=False;User ID=db;Password=t8OEw9H%KjNM9HJa2isxhjDzMUncs1!K;MultipleActiveResultSets=False;Encrypt=True;TrustServerCertificate=False;Connection Timeout=30;",
              "DEPLOYMENT_METHOD": "Terraform",
              "SCM_DO_BUILD_DURING_DEPLOYMENT": "True"
            },
            "auth_settings": [
              {
                "active_directory": [],
                "additional_login_params": {},
                "allowed_external_redirect_urls": [],
                "default_provider": "",
                "enabled": false,
                "facebook": [],
                "google": [],
                "issuer": "",
                "microsoft": [],
                "runtime_version": "",
                "token_refresh_extension_hours": 0,
                "token_store_enabled": false,
                "twitter": [],
                "unauthenticated_client_action": ""
              }
            ],
            "backup": [],
            "client_affinity_enabled": false,
            "client_cert_enabled": false,
            "connection_string": [],
            "custom_domain_verification_id": "C11362A7BC6B6AE47600B6CA026E5B947B6577DA4AE022E214743600719CCB1D",
            "default_site_hostname": "khalid-terraformed-app-service.azurewebsites.net",
            "enabled": true,
            "https_only": false,
            "id": "/subscriptions/d33b95c7-af3c-4247-9661-aa96d47fccc0/resourceGroups/OpenCohort1_KhalidAshraf_Workshop_M12_Pt2/providers/Microsoft.Web/sites/khalid-terraformed-app-service",
            "identity": [],
            "key_vault_reference_identity_id": "SystemAssigned",
            "location": "uksouth",
            "logs": [
              {
                "application_logs": [
                  {
                    "azure_blob_storage": [],
                    "file_system_level": "Off"
                  }
                ],
                "detailed_error_messages_enabled": false,
                "failed_request_tracing_enabled": false,
                "http_logs": [
                  {
                    "azure_blob_storage": [],
                    "file_system": []
                  }
                ]
              }
            ],
            "name": "khalid-terraformed-app-service",
            "outbound_ip_address_list": [
              "51.143.227.137",
              "51.143.228.218",
              "51.143.230.135",
              "20.77.184.27",
              "20.77.184.107",
              "20.77.184.222",
              "51.104.28.76"
            ],
            "outbound_ip_addresses": "51.143.227.137,51.143.228.218,51.143.230.135,20.77.184.27,20.77.184.107,20.77.184.222,51.104.28.76",
            "possible_outbound_ip_address_list": [
              "51.143.227.137",
              "51.143.228.218",
              "51.143.230.135",
              "20.77.184.27",
              "20.77.184.107",
              "20.77.184.222",
              "20.77.185.147",
              "20.77.185.188",
              "20.77.185.227",
              "20.77.185.232",
              "20.77.186.47",
              "20.77.186.51",
              "20.77.186.98",
              "20.77.186.138",
              "20.77.186.193",
              "20.77.186.196",
              "20.77.186.199",
              "20.77.186.230",
              "20.49.247.193",
              "20.77.160.2",
              "20.77.160.72",
              "20.77.160.77",
              "20.77.160.82",
              "20.77.160.89",
              "51.104.28.76"
            ],
            "possible_outbound_ip_addresses": "51.143.227.137,51.143.228.218,51.143.230.135,20.77.184.27,20.77.184.107,20.77.184.222,20.77.185.147,20.77.185.188,20.77.185.227,20.77.185.232,20.77.186.47,20.77.186.51,20.77.186.98,20.77.186.138,20.77.186.193,20.77.186.196,20.77.186.199,20.77.186.230,20.49.247.193,20.77.160.2,20.77.160.72,20.77.160.77,20.77.160.82,20.77.160.89,51.104.28.76",
            "resource_group_name": "OpenCohort1_KhalidAshraf_Workshop_M12_Pt2",
            "site_config": [
              {
                "acr_use_managed_identity_credentials": false,
                "acr_user_managed_identity_client_id": "",
                "always_on": false,
                "app_command_line": "",
                "auto_swap_slot_name": "",
                "cors": [
                  {
                    "allowed_origins": [],
                    "support_credentials": false
                  }
                ],
                "default_documents": null,
                "dotnet_framework_version": "v4.0",
                "ftps_state": "AllAllowed",
                "health_check_path": "",
                "http2_enabled": false,
                "ip_restriction": [],
                "java_container": "",
                "java_container_version": "",
                "java_version": "",
                "linux_fx_version": "DOCKER|corndelldevopscourse/mod12app:latest",
                "local_mysql_enabled": false,
                "managed_pipeline_mode": "Integrated",
                "min_tls_version": "1.2",
                "number_of_workers": 1,
                "php_version": "",
                "python_version": "",
                "remote_debugging_enabled": false,
                "remote_debugging_version": "VS2019",
                "scm_ip_restriction": [],
                "scm_type": "None",
                "scm_use_main_ip_restriction": false,
                "use_32_bit_worker_process": false,
                "vnet_route_all_enabled": false,
                "websockets_enabled": false,
                "windows_fx_version": ""
              }
            ],
            "site_credential": [
              {
                "password": "sZvhyPPnpgdAHnsS49w7p5WEueouGfrdhnQWzdoimsgsnSiq2rTeYF795Kp5",
                "username": "$khalid-terraformed-app-service"
              }
            ],
            "source_control": [
              {
                "branch": "master",
                "manual_integration": false,
                "repo_url": "",
                "rollback_enabled": false,
                "use_mercurial": false
              }
            ],
            "storage_account": [],
            "tags": null,
            "timeouts": null
          },
          "sensitive_attributes": [],
          "private": "eyJlMmJmYjczMC1lY2FhLTExZTYtOGY4OC0zNDM2M2JjN2M0YzAiOnsiY3JlYXRlIjoxODAwMDAwMDAwMDAwLCJkZWxldGUiOjE4MDAwMDAwMDAwMDAsInJlYWQiOjMwMDAwMDAwMDAwMCwidXBkYXRlIjoxODAwMDAwMDAwMDAwfX0=",
          "dependencies": [
            "azurerm_app_service_plan.main",
            "data.azurerm_resource_group.main"
          ]
        }
      ]
    },
    {
      "mode": "managed",
      "type": "azurerm_app_service_plan",
      "name": "main",
      "provider": "provider[\"registry.terraform.io/hashicorp/azurerm\"]",
      "instances": [
        {
          "schema_version": 0,
          "attributes": {
            "app_service_environment_id": "",
            "id": "/subscriptions/d33b95c7-af3c-4247-9661-aa96d47fccc0/resourceGroups/OpenCohort1_KhalidAshraf_Workshop_M12_Pt2/providers/Microsoft.Web/serverfarms/khalid-terraformed-asp",
            "is_xenon": false,
            "kind": "linux",
            "location": "uksouth",
            "maximum_elastic_worker_count": 1,
            "maximum_number_of_workers": 3,
            "name": "khalid-terraformed-asp",
            "per_site_scaling": false,
            "reserved": true,
            "resource_group_name": "OpenCohort1_KhalidAshraf_Workshop_M12_Pt2",
            "sku": [
              {
                "capacity": 1,
                "size": "B1",
                "tier": "Basic"
              }
            ],
            "tags": {},
            "timeouts": null,
            "zone_redundant": false
          },
          "sensitive_attributes": [],
          "private": "eyJlMmJmYjczMC1lY2FhLTExZTYtOGY4OC0zNDM2M2JjN2M0YzAiOnsiY3JlYXRlIjozNjAwMDAwMDAwMDAwLCJkZWxldGUiOjM2MDAwMDAwMDAwMDAsInJlYWQiOjMwMDAwMDAwMDAwMCwidXBkYXRlIjozNjAwMDAwMDAwMDAwfX0=",
          "dependencies": [
            "data.azurerm_resource_group.main"
          ]
        }
      ]
    }
  ]
}
